
Microsoft Visual Studio Solution File, Format Version 12.00
# Visual Studio Version 16
VisualStudioVersion = 16.0.33423.256
MinimumVisualStudioVersion = 10.0.40219.1
Project("{FAE04EC0-301F-11D3-BF4B-00C04F79EFBC}") = "kototest", "kototest.csproj", "{D1219C8E-5D66-426F-811D-AB1B6D71320B}"
EndProject
Global
	GlobalSection(SolutionConfigurationPlatforms) = preSolution
		Debug|Any CPU = Debug|Any CPU
		Release|Any CPU = Release|Any CPU
	EndGlobalSection
	GlobalSection(ProjectConfigurationPlatforms) = postSolution
		{D1219C8E-5D66-426F-811D-AB1B6D71320B}.Debug|Any CPU.ActiveCfg = Debug|Any CPU
		{D1219C8E-5D66-426F-811D-AB1B6D71320B}.Debug|Any CPU.Build.0 = Debug|Any CPU
		{D1219C8E-5D66-426F-811D-AB1B6D71320B}.Release|Any CPU.ActiveCfg = Release|Any CPU
		{D1219C8E-5D66-426F-811D-AB1B6D71320B}.Release|Any CPU.Build.0 = Release|Any CPU
	EndGlobalSection
	GlobalSection(SolutionProperties) = preSolution
		HideSolutionNode = FALSE
	EndGlobalSection
	GlobalSection(ExtensibilityGlobals) = postSolution
		SolutionGuid = {96517532-33C0-4280-9576-D6B5269DA39E}
	EndGlobalSection
EndGlobal
