
Microsoft Visual Studio Solution File, Format Version 12.00
# Visual Studio Version 16
VisualStudioVersion = 16.0.33423.256
MinimumVisualStudioVersion = 10.0.40219.1
Project("{FAE04EC0-301F-11D3-BF4B-00C04F79EFBC}") = "task8.1", "task8.1.csproj", "{ECB80104-1F1F-4EC3-943A-4BC0147DEAF4}"
EndProject
Global
	GlobalSection(SolutionConfigurationPlatforms) = preSolution
		Debug|Any CPU = Debug|Any CPU
		Release|Any CPU = Release|Any CPU
	EndGlobalSection
	GlobalSection(ProjectConfigurationPlatforms) = postSolution
		{ECB80104-1F1F-4EC3-943A-4BC0147DEAF4}.Debug|Any CPU.ActiveCfg = Debug|Any CPU
		{ECB80104-1F1F-4EC3-943A-4BC0147DEAF4}.Debug|Any CPU.Build.0 = Debug|Any CPU
		{ECB80104-1F1F-4EC3-943A-4BC0147DEAF4}.Release|Any CPU.ActiveCfg = Release|Any CPU
		{ECB80104-1F1F-4EC3-943A-4BC0147DEAF4}.Release|Any CPU.Build.0 = Release|Any CPU
	EndGlobalSection
	GlobalSection(SolutionProperties) = preSolution
		HideSolutionNode = FALSE
	EndGlobalSection
	GlobalSection(ExtensibilityGlobals) = postSolution
		SolutionGuid = {AEC0265C-20C2-4981-933F-5EAF474A2A7A}
	EndGlobalSection
EndGlobal
